
Microsoft Visual Studio Solution File, Format Version 12.00
# Visual Studio 15
VisualStudioVersion = 15.0.28307.1209
MinimumVisualStudioVersion = 10.0.40219.1
Project("{FAE04EC0-301F-11D3-BF4B-00C04F79EFBC}") = "AspNetWebApi", "AspNetWebApi\AspNetWebApi.csproj", "{CEA10CF1-CA70-499E-8E42-0653BD7B625E}"
EndProject
Project("{FAE04EC0-301F-11D3-BF4B-00C04F79EFBC}") = "ClientApp", "ClientApp\ClientApp.csproj", "{EA141D5E-F608-465A-8539-215AD66E1EDE}"
EndProject
Project("{FAE04EC0-301F-11D3-BF4B-00C04F79EFBC}") = "AsspNetWebApi.Tracing", "AsspNetWebApi.Tracing\AsspNetWebApi.Tracing.csproj", "{84AE3F19-245E-4F40-8618-7DE14336712F}"
EndProject
Global
	GlobalSection(SolutionConfigurationPlatforms) = preSolution
		Debug|Any CPU = Debug|Any CPU
		Release|Any CPU = Release|Any CPU
	EndGlobalSection
	GlobalSection(ProjectConfigurationPlatforms) = postSolution
		{CEA10CF1-CA70-499E-8E42-0653BD7B625E}.Debug|Any CPU.ActiveCfg = Debug|Any CPU
		{CEA10CF1-CA70-499E-8E42-0653BD7B625E}.Debug|Any CPU.Build.0 = Debug|Any CPU
		{CEA10CF1-CA70-499E-8E42-0653BD7B625E}.Release|Any CPU.ActiveCfg = Release|Any CPU
		{CEA10CF1-CA70-499E-8E42-0653BD7B625E}.Release|Any CPU.Build.0 = Release|Any CPU
		{EA141D5E-F608-465A-8539-215AD66E1EDE}.Debug|Any CPU.ActiveCfg = Debug|Any CPU
		{EA141D5E-F608-465A-8539-215AD66E1EDE}.Debug|Any CPU.Build.0 = Debug|Any CPU
		{EA141D5E-F608-465A-8539-215AD66E1EDE}.Release|Any CPU.ActiveCfg = Release|Any CPU
		{EA141D5E-F608-465A-8539-215AD66E1EDE}.Release|Any CPU.Build.0 = Release|Any CPU
		{84AE3F19-245E-4F40-8618-7DE14336712F}.Debug|Any CPU.ActiveCfg = Debug|Any CPU
		{84AE3F19-245E-4F40-8618-7DE14336712F}.Debug|Any CPU.Build.0 = Debug|Any CPU
		{84AE3F19-245E-4F40-8618-7DE14336712F}.Release|Any CPU.ActiveCfg = Release|Any CPU
		{84AE3F19-245E-4F40-8618-7DE14336712F}.Release|Any CPU.Build.0 = Release|Any CPU
	EndGlobalSection
	GlobalSection(SolutionProperties) = preSolution
		HideSolutionNode = FALSE
	EndGlobalSection
	GlobalSection(ExtensibilityGlobals) = postSolution
		SolutionGuid = {A931AE1F-4647-469E-8C54-48CCAB757E5B}
	EndGlobalSection
EndGlobal
